
Microsoft Visual Studio Solution File, Format Version 12.00
# Visual Studio 15
VisualStudioVersion = 15.0.26403.7
MinimumVisualStudioVersion = 10.0.40219.1
Project("{FAE04EC0-301F-11D3-BF4B-00C04F79EFBC}") = "Projeto", "Projeto\Projeto.csproj", "{C70CCD5A-91EB-4FAC-A9DB-6183109586CF}"
EndProject
Project("{FAE04EC0-301F-11D3-BF4B-00C04F79EFBC}") = "Modelo", "Modelo\Modelo.csproj", "{0BC7698F-7C70-4766-ADC5-6B084B171769}"
EndProject
Project("{FAE04EC0-301F-11D3-BF4B-00C04F79EFBC}") = "Persistencia", "Persistencia\Persistencia.csproj", "{3A425510-3A3A-4B31-BE10-B8E7A84BF758}"
EndProject
Project("{FAE04EC0-301F-11D3-BF4B-00C04F79EFBC}") = "Servico", "Servico\Servico.csproj", "{C45A64EC-3F53-4CD4-A2DB-413812240921}"
EndProject
Global
	GlobalSection(SolutionConfigurationPlatforms) = preSolution
		Debug|Any CPU = Debug|Any CPU
		Release|Any CPU = Release|Any CPU
	EndGlobalSection
	GlobalSection(ProjectConfigurationPlatforms) = postSolution
		{C70CCD5A-91EB-4FAC-A9DB-6183109586CF}.Debug|Any CPU.ActiveCfg = Debug|Any CPU
		{C70CCD5A-91EB-4FAC-A9DB-6183109586CF}.Debug|Any CPU.Build.0 = Debug|Any CPU
		{C70CCD5A-91EB-4FAC-A9DB-6183109586CF}.Release|Any CPU.ActiveCfg = Release|Any CPU
		{C70CCD5A-91EB-4FAC-A9DB-6183109586CF}.Release|Any CPU.Build.0 = Release|Any CPU
		{0BC7698F-7C70-4766-ADC5-6B084B171769}.Debug|Any CPU.ActiveCfg = Debug|Any CPU
		{0BC7698F-7C70-4766-ADC5-6B084B171769}.Debug|Any CPU.Build.0 = Debug|Any CPU
		{0BC7698F-7C70-4766-ADC5-6B084B171769}.Release|Any CPU.ActiveCfg = Release|Any CPU
		{0BC7698F-7C70-4766-ADC5-6B084B171769}.Release|Any CPU.Build.0 = Release|Any CPU
		{3A425510-3A3A-4B31-BE10-B8E7A84BF758}.Debug|Any CPU.ActiveCfg = Debug|Any CPU
		{3A425510-3A3A-4B31-BE10-B8E7A84BF758}.Debug|Any CPU.Build.0 = Debug|Any CPU
		{3A425510-3A3A-4B31-BE10-B8E7A84BF758}.Release|Any CPU.ActiveCfg = Release|Any CPU
		{3A425510-3A3A-4B31-BE10-B8E7A84BF758}.Release|Any CPU.Build.0 = Release|Any CPU
		{C45A64EC-3F53-4CD4-A2DB-413812240921}.Debug|Any CPU.ActiveCfg = Debug|Any CPU
		{C45A64EC-3F53-4CD4-A2DB-413812240921}.Debug|Any CPU.Build.0 = Debug|Any CPU
		{C45A64EC-3F53-4CD4-A2DB-413812240921}.Release|Any CPU.ActiveCfg = Release|Any CPU
		{C45A64EC-3F53-4CD4-A2DB-413812240921}.Release|Any CPU.Build.0 = Release|Any CPU
	EndGlobalSection
	GlobalSection(SolutionProperties) = preSolution
		HideSolutionNode = FALSE
	EndGlobalSection
EndGlobal
